
Microsoft Visual Studio Solution File, Format Version 12.00
# Visual Studio Version 17
VisualStudioVersion = 17.14.36221.1 d17.14
MinimumVisualStudioVersion = 10.0.40219.1
Project("{FAE04EC0-301F-11D3-BF4B-00C04F79EFBC}") = "MauiFlow", "MauiFlow.csproj", "{DB00AFB0-1DAF-4E3A-A8E0-979863294A02}"
EndProject
Global
	GlobalSection(SolutionConfigurationPlatforms) = preSolution
		Debug|Any CPU = Debug|Any CPU
		Release|Any CPU = Release|Any CPU
	EndGlobalSection
	GlobalSection(ProjectConfigurationPlatforms) = postSolution
		{DB00AFB0-1DAF-4E3A-A8E0-979863294A02}.Debug|Any CPU.ActiveCfg = Debug|Any CPU
		{DB00AFB0-1DAF-4E3A-A8E0-979863294A02}.Debug|Any CPU.Build.0 = Debug|Any CPU
		{DB00AFB0-1DAF-4E3A-A8E0-979863294A02}.Release|Any CPU.ActiveCfg = Release|Any CPU
		{DB00AFB0-1DAF-4E3A-A8E0-979863294A02}.Release|Any CPU.Build.0 = Release|Any CPU
	EndGlobalSection
	GlobalSection(SolutionProperties) = preSolution
		HideSolutionNode = FALSE
	EndGlobalSection
	GlobalSection(ExtensibilityGlobals) = postSolution
		SolutionGuid = {44AACB79-8849-46D7-B416-D272C6A7152E}
	EndGlobalSection
EndGlobal
